
Microsoft Visual Studio Solution File, Format Version 12.00
# Visual Studio Version 17
VisualStudioVersion = 17.0.31903.59
MinimumVisualStudioVersion = 10.0.40219.1
Project("{FAE04EC0-301F-11D3-BF4B-00C04F79EFBC}") = "WpfAppZooSQL", "WpfAppZooSQL\WpfAppZooSQL.csproj", "{42959AB8-DAC3-4EF8-8FEE-47E511B9647D}"
EndProject
Global
	GlobalSection(SolutionConfigurationPlatforms) = preSolution
		Debug|Any CPU = Debug|Any CPU
		Release|Any CPU = Release|Any CPU
	EndGlobalSection
	GlobalSection(ProjectConfigurationPlatforms) = postSolution
		{42959AB8-DAC3-4EF8-8FEE-47E511B9647D}.Debug|Any CPU.ActiveCfg = Debug|Any CPU
		{42959AB8-DAC3-4EF8-8FEE-47E511B9647D}.Debug|Any CPU.Build.0 = Debug|Any CPU
		{42959AB8-DAC3-4EF8-8FEE-47E511B9647D}.Release|Any CPU.ActiveCfg = Release|Any CPU
		{42959AB8-DAC3-4EF8-8FEE-47E511B9647D}.Release|Any CPU.Build.0 = Release|Any CPU
	EndGlobalSection
	GlobalSection(SolutionProperties) = preSolution
		HideSolutionNode = FALSE
	EndGlobalSection
	GlobalSection(ExtensibilityGlobals) = postSolution
		SolutionGuid = {CF9CDDDA-042E-4A1D-A287-DF5BC55720C9}
	EndGlobalSection
EndGlobal
