
Microsoft Visual Studio Solution File, Format Version 12.00
# Visual Studio Version 17
VisualStudioVersion = 17.0.31903.59
MinimumVisualStudioVersion = 10.0.40219.1
Project("{FAE04EC0-301F-11D3-BF4B-00C04F79EFBC}") = "AbstractClassesC", "AbstractClassesC\AbstractClassesC.csproj", "{0778CA39-5C4C-4240-8614-6D9D01E8B2B9}"
EndProject
Global
	GlobalSection(SolutionConfigurationPlatforms) = preSolution
		Debug|Any CPU = Debug|Any CPU
		Release|Any CPU = Release|Any CPU
	EndGlobalSection
	GlobalSection(ProjectConfigurationPlatforms) = postSolution
		{0778CA39-5C4C-4240-8614-6D9D01E8B2B9}.Debug|Any CPU.ActiveCfg = Debug|Any CPU
		{0778CA39-5C4C-4240-8614-6D9D01E8B2B9}.Debug|Any CPU.Build.0 = Debug|Any CPU
		{0778CA39-5C4C-4240-8614-6D9D01E8B2B9}.Release|Any CPU.ActiveCfg = Release|Any CPU
		{0778CA39-5C4C-4240-8614-6D9D01E8B2B9}.Release|Any CPU.Build.0 = Release|Any CPU
	EndGlobalSection
	GlobalSection(SolutionProperties) = preSolution
		HideSolutionNode = FALSE
	EndGlobalSection
	GlobalSection(ExtensibilityGlobals) = postSolution
		SolutionGuid = {96F5B8A8-0EE2-47A3-94AB-47D072E6A16C}
	EndGlobalSection
EndGlobal
