
Microsoft Visual Studio Solution File, Format Version 12.00
# Visual Studio Version 17
VisualStudioVersion = 17.0.31903.59
MinimumVisualStudioVersion = 10.0.40219.1
Project("{FAE04EC0-301F-11D3-BF4B-00C04F79EFBC}") = "MainArgsDemo", "MainArgsDemo\MainArgsDemo.csproj", "{F6BB2C03-F92B-4C43-97F0-8072A73924E6}"
EndProject
Global
	GlobalSection(SolutionConfigurationPlatforms) = preSolution
		Debug|Any CPU = Debug|Any CPU
		Release|Any CPU = Release|Any CPU
	EndGlobalSection
	GlobalSection(ProjectConfigurationPlatforms) = postSolution
		{F6BB2C03-F92B-4C43-97F0-8072A73924E6}.Debug|Any CPU.ActiveCfg = Debug|Any CPU
		{F6BB2C03-F92B-4C43-97F0-8072A73924E6}.Debug|Any CPU.Build.0 = Debug|Any CPU
		{F6BB2C03-F92B-4C43-97F0-8072A73924E6}.Release|Any CPU.ActiveCfg = Release|Any CPU
		{F6BB2C03-F92B-4C43-97F0-8072A73924E6}.Release|Any CPU.Build.0 = Release|Any CPU
	EndGlobalSection
	GlobalSection(SolutionProperties) = preSolution
		HideSolutionNode = FALSE
	EndGlobalSection
	GlobalSection(ExtensibilityGlobals) = postSolution
		SolutionGuid = {94427ECA-2BC7-4294-A8EF-9CF2D90C615C}
	EndGlobalSection
EndGlobal
