
Microsoft Visual Studio Solution File, Format Version 12.00
# Visual Studio Version 17
VisualStudioVersion = 17.0.31912.275
MinimumVisualStudioVersion = 10.0.40219.1
Project("{FAE04EC0-301F-11D3-BF4B-00C04F79EFBC}") = "IComparerPrac", "IComparerPrac\IComparerPrac.csproj", "{1230CBB6-48B0-40F3-B119-F75CD3F9F762}"
EndProject
Global
	GlobalSection(SolutionConfigurationPlatforms) = preSolution
		Debug|Any CPU = Debug|Any CPU
		Release|Any CPU = Release|Any CPU
	EndGlobalSection
	GlobalSection(ProjectConfigurationPlatforms) = postSolution
		{1230CBB6-48B0-40F3-B119-F75CD3F9F762}.Debug|Any CPU.ActiveCfg = Debug|Any CPU
		{1230CBB6-48B0-40F3-B119-F75CD3F9F762}.Debug|Any CPU.Build.0 = Debug|Any CPU
		{1230CBB6-48B0-40F3-B119-F75CD3F9F762}.Release|Any CPU.ActiveCfg = Release|Any CPU
		{1230CBB6-48B0-40F3-B119-F75CD3F9F762}.Release|Any CPU.Build.0 = Release|Any CPU
	EndGlobalSection
	GlobalSection(SolutionProperties) = preSolution
		HideSolutionNode = FALSE
	EndGlobalSection
	GlobalSection(ExtensibilityGlobals) = postSolution
		SolutionGuid = {0D7B44AD-784A-4B4F-96CB-2A65424E4D43}
	EndGlobalSection
EndGlobal
