
Microsoft Visual Studio Solution File, Format Version 12.00
# Visual Studio Version 17
VisualStudioVersion = 17.0.31912.275
MinimumVisualStudioVersion = 10.0.40219.1
Project("{FAE04EC0-301F-11D3-BF4B-00C04F79EFBC}") = "INotifyPropertyChangedPractice", "INotifyPropertyChangedPractice\INotifyPropertyChangedPractice.csproj", "{1E9D6A58-6CF7-476D-8265-D2191D701C2B}"
EndProject
Global
	GlobalSection(SolutionConfigurationPlatforms) = preSolution
		Debug|Any CPU = Debug|Any CPU
		Release|Any CPU = Release|Any CPU
	EndGlobalSection
	GlobalSection(ProjectConfigurationPlatforms) = postSolution
		{1E9D6A58-6CF7-476D-8265-D2191D701C2B}.Debug|Any CPU.ActiveCfg = Debug|Any CPU
		{1E9D6A58-6CF7-476D-8265-D2191D701C2B}.Debug|Any CPU.Build.0 = Debug|Any CPU
		{1E9D6A58-6CF7-476D-8265-D2191D701C2B}.Release|Any CPU.ActiveCfg = Release|Any CPU
		{1E9D6A58-6CF7-476D-8265-D2191D701C2B}.Release|Any CPU.Build.0 = Release|Any CPU
	EndGlobalSection
	GlobalSection(SolutionProperties) = preSolution
		HideSolutionNode = FALSE
	EndGlobalSection
	GlobalSection(ExtensibilityGlobals) = postSolution
		SolutionGuid = {D2EFF0F4-0E83-4675-98E5-2E9B46256F81}
	EndGlobalSection
EndGlobal
