
Microsoft Visual Studio Solution File, Format Version 12.00
# Visual Studio Version 17
VisualStudioVersion = 17.0.31912.275
MinimumVisualStudioVersion = 10.0.40219.1
Project("{FAE04EC0-301F-11D3-BF4B-00C04F79EFBC}") = "Threads1", "Threads1\Threads1.csproj", "{FEA47C84-4C23-433E-8365-26525A6B6A41}"
EndProject
Global
	GlobalSection(SolutionConfigurationPlatforms) = preSolution
		Debug|Any CPU = Debug|Any CPU
		Release|Any CPU = Release|Any CPU
	EndGlobalSection
	GlobalSection(ProjectConfigurationPlatforms) = postSolution
		{FEA47C84-4C23-433E-8365-26525A6B6A41}.Debug|Any CPU.ActiveCfg = Debug|Any CPU
		{FEA47C84-4C23-433E-8365-26525A6B6A41}.Debug|Any CPU.Build.0 = Debug|Any CPU
		{FEA47C84-4C23-433E-8365-26525A6B6A41}.Release|Any CPU.ActiveCfg = Release|Any CPU
		{FEA47C84-4C23-433E-8365-26525A6B6A41}.Release|Any CPU.Build.0 = Release|Any CPU
	EndGlobalSection
	GlobalSection(SolutionProperties) = preSolution
		HideSolutionNode = FALSE
	EndGlobalSection
	GlobalSection(ExtensibilityGlobals) = postSolution
		SolutionGuid = {9F8C911C-71A8-4431-91BF-7D9059ADB563}
	EndGlobalSection
EndGlobal
