
Microsoft Visual Studio Solution File, Format Version 12.00
# Visual Studio Version 17
VisualStudioVersion = 17.0.31912.275
MinimumVisualStudioVersion = 10.0.40219.1
Project("{FAE04EC0-301F-11D3-BF4B-00C04F79EFBC}") = "IEqualityComparerPractice", "IEqualityComparerPractice\IEqualityComparerPractice.csproj", "{D4989302-9351-46F3-A001-C9F8E63825FD}"
EndProject
Global
	GlobalSection(SolutionConfigurationPlatforms) = preSolution
		Debug|Any CPU = Debug|Any CPU
		Release|Any CPU = Release|Any CPU
	EndGlobalSection
	GlobalSection(ProjectConfigurationPlatforms) = postSolution
		{D4989302-9351-46F3-A001-C9F8E63825FD}.Debug|Any CPU.ActiveCfg = Debug|Any CPU
		{D4989302-9351-46F3-A001-C9F8E63825FD}.Debug|Any CPU.Build.0 = Debug|Any CPU
		{D4989302-9351-46F3-A001-C9F8E63825FD}.Release|Any CPU.ActiveCfg = Release|Any CPU
		{D4989302-9351-46F3-A001-C9F8E63825FD}.Release|Any CPU.Build.0 = Release|Any CPU
	EndGlobalSection
	GlobalSection(SolutionProperties) = preSolution
		HideSolutionNode = FALSE
	EndGlobalSection
	GlobalSection(ExtensibilityGlobals) = postSolution
		SolutionGuid = {ACC2097D-332C-49B8-9790-C56D08CFC5BA}
	EndGlobalSection
EndGlobal
