
Microsoft Visual Studio Solution File, Format Version 12.00
# Visual Studio Version 17
VisualStudioVersion = 17.0.31903.59
MinimumVisualStudioVersion = 10.0.40219.1
Project("{FAE04EC0-301F-11D3-BF4B-00C04F79EFBC}") = "RegExC", "RegExC\RegExC.csproj", "{03AF688D-696F-4482-91C6-78DB609DE61A}"
EndProject
Global
	GlobalSection(SolutionConfigurationPlatforms) = preSolution
		Debug|Any CPU = Debug|Any CPU
		Release|Any CPU = Release|Any CPU
	EndGlobalSection
	GlobalSection(ProjectConfigurationPlatforms) = postSolution
		{03AF688D-696F-4482-91C6-78DB609DE61A}.Debug|Any CPU.ActiveCfg = Debug|Any CPU
		{03AF688D-696F-4482-91C6-78DB609DE61A}.Debug|Any CPU.Build.0 = Debug|Any CPU
		{03AF688D-696F-4482-91C6-78DB609DE61A}.Release|Any CPU.ActiveCfg = Release|Any CPU
		{03AF688D-696F-4482-91C6-78DB609DE61A}.Release|Any CPU.Build.0 = Release|Any CPU
	EndGlobalSection
	GlobalSection(SolutionProperties) = preSolution
		HideSolutionNode = FALSE
	EndGlobalSection
	GlobalSection(ExtensibilityGlobals) = postSolution
		SolutionGuid = {6F85CDEB-2B56-4ACC-AA60-6146B6645BC0}
	EndGlobalSection
EndGlobal
