
Microsoft Visual Studio Solution File, Format Version 12.00
# Visual Studio Version 17
VisualStudioVersion = 17.0.31903.59
MinimumVisualStudioVersion = 10.0.40219.1
Project("{FAE04EC0-301F-11D3-BF4B-00C04F79EFBC}") = "AbstractClassesCcorrect", "AbstractClassesCcorrect\AbstractClassesCcorrect.csproj", "{5A684240-8234-4A02-959B-BF36311FAB29}"
EndProject
Global
	GlobalSection(SolutionConfigurationPlatforms) = preSolution
		Debug|Any CPU = Debug|Any CPU
		Release|Any CPU = Release|Any CPU
	EndGlobalSection
	GlobalSection(ProjectConfigurationPlatforms) = postSolution
		{5A684240-8234-4A02-959B-BF36311FAB29}.Debug|Any CPU.ActiveCfg = Debug|Any CPU
		{5A684240-8234-4A02-959B-BF36311FAB29}.Debug|Any CPU.Build.0 = Debug|Any CPU
		{5A684240-8234-4A02-959B-BF36311FAB29}.Release|Any CPU.ActiveCfg = Release|Any CPU
		{5A684240-8234-4A02-959B-BF36311FAB29}.Release|Any CPU.Build.0 = Release|Any CPU
	EndGlobalSection
	GlobalSection(SolutionProperties) = preSolution
		HideSolutionNode = FALSE
	EndGlobalSection
	GlobalSection(ExtensibilityGlobals) = postSolution
		SolutionGuid = {42AF80BD-839B-4F51-BFB2-149599C2518A}
	EndGlobalSection
EndGlobal
